// !$*UTF8*$!
{
	archiveVersion = 1;
	classes = {
	};
	objectVersion = 56;
	objects = {

/* Begin PBXBuildFile section */
		1F12785E2B9E049C00052893 /* Sign-in.swift in Sources */ = {isa = PBXBuildFile; fileRef = 1F12785D2B9E049C00052893 /* Sign-in.swift */; };
		1F1278602B9E0D3F00052893 /* Sign-up.swift in Sources */ = {isa = PBXBuildFile; fileRef = 1F12785F2B9E0D3F00052893 /* Sign-up.swift */; };
		1F1278632B9FD57300052893 /* UserModel.swift in Sources */ = {isa = PBXBuildFile; fileRef = 1F1278622B9FD57300052893 /* UserModel.swift */; };
		1F1278662B9FD80500052893 /* UserViewModel.swift in Sources */ = {isa = PBXBuildFile; fileRef = 1F1278652B9FD80500052893 /* UserViewModel.swift */; };
		1F1278692B9FD9AF00052893 /* Constants.swift in Sources */ = {isa = PBXBuildFile; fileRef = 1F1278682B9FD9AF00052893 /* Constants.swift */; };
		1F12786B2BA20F2D00052893 /* ProductModel.swift in Sources */ = {isa = PBXBuildFile; fileRef = 1F12786A2BA20F2D00052893 /* ProductModel.swift */; };
		1F12786D2BA213F700052893 /* ProductViewModel.swift in Sources */ = {isa = PBXBuildFile; fileRef = 1F12786C2BA213F700052893 /* ProductViewModel.swift */; };
		1F1278712BA2458200052893 /* Home.swift in Sources */ = {isa = PBXBuildFile; fileRef = 1F1278702BA2458200052893 /* Home.swift */; };
		1F1278732BA24DC200052893 /* ItemModel.swift in Sources */ = {isa = PBXBuildFile; fileRef = 1F1278722BA24DC200052893 /* ItemModel.swift */; };
		1F1278752BA3C51C00052893 /* ProductView.swift in Sources */ = {isa = PBXBuildFile; fileRef = 1F1278742BA3C51C00052893 /* ProductView.swift */; };
		1F1D7E3C2BA9D4C100B343EE /* CartView.swift in Sources */ = {isa = PBXBuildFile; fileRef = 1F1D7E3B2BA9D4C100B343EE /* CartView.swift */; };
		1F1D7E402BA9DB9B00B343EE /* CartModel.swift in Sources */ = {isa = PBXBuildFile; fileRef = 1F1D7E3F2BA9DB9B00B343EE /* CartModel.swift */; };
		1F1D7E422BA9E05E00B343EE /* CartViewModel.swift in Sources */ = {isa = PBXBuildFile; fileRef = 1F1D7E412BA9E05E00B343EE /* CartViewModel.swift */; };
		1F6911DB2B9DAE5500660CAC /* ios_clothing_appApp.swift in Sources */ = {isa = PBXBuildFile; fileRef = 1F6911DA2B9DAE5500660CAC /* ios_clothing_appApp.swift */; };
		1F6911DD2B9DAE5500660CAC /* ContentView.swift in Sources */ = {isa = PBXBuildFile; fileRef = 1F6911DC2B9DAE5500660CAC /* ContentView.swift */; };
		1F6911DF2B9DAE5600660CAC /* Assets.xcassets in Resources */ = {isa = PBXBuildFile; fileRef = 1F6911DE2B9DAE5600660CAC /* Assets.xcassets */; };
		1F6911E22B9DAE5600660CAC /* Preview Assets.xcassets in Resources */ = {isa = PBXBuildFile; fileRef = 1F6911E12B9DAE5600660CAC /* Preview Assets.xcassets */; };
		1F6911EA2B9DAFB100660CAC /* Splashview.swift in Sources */ = {isa = PBXBuildFile; fileRef = 1F6911E92B9DAFB100660CAC /* Splashview.swift */; };
		1F8674002B9DB36C00318335 /* OnBoardingView.swift in Sources */ = {isa = PBXBuildFile; fileRef = 1F8673FF2B9DB36C00318335 /* OnBoardingView.swift */; };
/* End PBXBuildFile section */

/* Begin PBXFileReference section */
		1F12785D2B9E049C00052893 /* Sign-in.swift */ = {isa = PBXFileReference; lastKnownFileType = sourcecode.swift; path = "Sign-in.swift"; sourceTree = "<group>"; };
		1F12785F2B9E0D3F00052893 /* Sign-up.swift */ = {isa = PBXFileReference; lastKnownFileType = sourcecode.swift; path = "Sign-up.swift"; sourceTree = "<group>"; };
		1F1278622B9FD57300052893 /* UserModel.swift */ = {isa = PBXFileReference; lastKnownFileType = sourcecode.swift; path = UserModel.swift; sourceTree = "<group>"; };
		1F1278652B9FD80500052893 /* UserViewModel.swift */ = {isa = PBXFileReference; lastKnownFileType = sourcecode.swift; path = UserViewModel.swift; sourceTree = "<group>"; };
		1F1278682B9FD9AF00052893 /* Constants.swift */ = {isa = PBXFileReference; lastKnownFileType = sourcecode.swift; path = Constants.swift; sourceTree = "<group>"; };
		1F12786A2BA20F2D00052893 /* ProductModel.swift */ = {isa = PBXFileReference; lastKnownFileType = sourcecode.swift; path = ProductModel.swift; sourceTree = "<group>"; };
		1F12786C2BA213F700052893 /* ProductViewModel.swift */ = {isa = PBXFileReference; lastKnownFileType = sourcecode.swift; path = ProductViewModel.swift; sourceTree = "<group>"; };
		1F1278702BA2458200052893 /* Home.swift */ = {isa = PBXFileReference; lastKnownFileType = sourcecode.swift; path = Home.swift; sourceTree = "<group>"; };
		1F1278722BA24DC200052893 /* ItemModel.swift */ = {isa = PBXFileReference; lastKnownFileType = sourcecode.swift; path = ItemModel.swift; sourceTree = "<group>"; };
		1F1278742BA3C51C00052893 /* ProductView.swift */ = {isa = PBXFileReference; lastKnownFileType = sourcecode.swift; path = ProductView.swift; sourceTree = "<group>"; };
		1F1D7E3B2BA9D4C100B343EE /* CartView.swift */ = {isa = PBXFileReference; lastKnownFileType = sourcecode.swift; path = CartView.swift; sourceTree = "<group>"; };
		1F1D7E3F2BA9DB9B00B343EE /* CartModel.swift */ = {isa = PBXFileReference; lastKnownFileType = sourcecode.swift; path = CartModel.swift; sourceTree = "<group>"; };
		1F1D7E412BA9E05E00B343EE /* CartViewModel.swift */ = {isa = PBXFileReference; lastKnownFileType = sourcecode.swift; path = CartViewModel.swift; sourceTree = "<group>"; };
		1F6911D72B9DAE5500660CAC /* ios-clothing-app.app */ = {isa = PBXFileReference; explicitFileType = wrapper.application; includeInIndex = 0; path = "ios-clothing-app.app"; sourceTree = BUILT_PRODUCTS_DIR; };
		1F6911DA2B9DAE5500660CAC /* ios_clothing_appApp.swift */ = {isa = PBXFileReference; lastKnownFileType = sourcecode.swift; path = ios_clothing_appApp.swift; sourceTree = "<group>"; };
		1F6911DC2B9DAE5500660CAC /* ContentView.swift */ = {isa = PBXFileReference; lastKnownFileType = sourcecode.swift; path = ContentView.swift; sourceTree = "<group>"; };
		1F6911DE2B9DAE5600660CAC /* Assets.xcassets */ = {isa = PBXFileReference; lastKnownFileType = folder.assetcatalog; path = Assets.xcassets; sourceTree = "<group>"; };
		1F6911E12B9DAE5600660CAC /* Preview Assets.xcassets */ = {isa = PBXFileReference; lastKnownFileType = folder.assetcatalog; path = "Preview Assets.xcassets"; sourceTree = "<group>"; };
		1F6911E92B9DAFB100660CAC /* Splashview.swift */ = {isa = PBXFileReference; lastKnownFileType = sourcecode.swift; path = Splashview.swift; sourceTree = "<group>"; };
		1F8673FF2B9DB36C00318335 /* OnBoardingView.swift */ = {isa = PBXFileReference; lastKnownFileType = sourcecode.swift; path = OnBoardingView.swift; sourceTree = "<group>"; };
/* End PBXFileReference section */

/* Begin PBXFrameworksBuildPhase section */
		1F6911D42B9DAE5500660CAC /* Frameworks */ = {
			isa = PBXFrameworksBuildPhase;
			buildActionMask = 2147483647;
			files = (
			);
			runOnlyForDeploymentPostprocessing = 0;
		};
/* End PBXFrameworksBuildPhase section */

/* Begin PBXGroup section */
		1F1278612B9FD54D00052893 /* Models */ = {
			isa = PBXGroup;
			children = (
				1F1278622B9FD57300052893 /* UserModel.swift */,
				1F12786A2BA20F2D00052893 /* ProductModel.swift */,
				1F1278722BA24DC200052893 /* ItemModel.swift */,
				1F1D7E3F2BA9DB9B00B343EE /* CartModel.swift */,
			);
			path = Models;
			sourceTree = "<group>";
		};
		1F1278642B9FD65C00052893 /* ViewModel */ = {
			isa = PBXGroup;
			children = (
				1F1278652B9FD80500052893 /* UserViewModel.swift */,
				1F12786C2BA213F700052893 /* ProductViewModel.swift */,
				1F1D7E412BA9E05E00B343EE /* CartViewModel.swift */,
			);
			path = ViewModel;
			sourceTree = "<group>";
		};
		1F1278672B9FD99500052893 /* Constants */ = {
			isa = PBXGroup;
			children = (
				1F1278682B9FD9AF00052893 /* Constants.swift */,
			);
			path = Constants;
			sourceTree = "<group>";
		};
		1F6911CE2B9DAE5500660CAC = {
			isa = PBXGroup;
			children = (
				1F6911D92B9DAE5500660CAC /* ios-clothing-app */,
				1F6911D82B9DAE5500660CAC /* Products */,
			);
			sourceTree = "<group>";
		};
		1F6911D82B9DAE5500660CAC /* Products */ = {
			isa = PBXGroup;
			children = (
				1F6911D72B9DAE5500660CAC /* ios-clothing-app.app */,
			);
			name = Products;
			sourceTree = "<group>";
		};
		1F6911D92B9DAE5500660CAC /* ios-clothing-app */ = {
			isa = PBXGroup;
			children = (
				1F1278672B9FD99500052893 /* Constants */,
				1F1278642B9FD65C00052893 /* ViewModel */,
				1F1278612B9FD54D00052893 /* Models */,
				1F6911E82B9DAF6700660CAC /* Views */,
				1F6911DA2B9DAE5500660CAC /* ios_clothing_appApp.swift */,
				1F6911DE2B9DAE5600660CAC /* Assets.xcassets */,
				1F6911E02B9DAE5600660CAC /* Preview Content */,
			);
			path = "ios-clothing-app";
			sourceTree = "<group>";
		};
		1F6911E02B9DAE5600660CAC /* Preview Content */ = {
			isa = PBXGroup;
			children = (
				1F6911E12B9DAE5600660CAC /* Preview Assets.xcassets */,
			);
			path = "Preview Content";
			sourceTree = "<group>";
		};
		1F6911E82B9DAF6700660CAC /* Views */ = {
			isa = PBXGroup;
			children = (
				1F6911DC2B9DAE5500660CAC /* ContentView.swift */,
				1F6911E92B9DAFB100660CAC /* Splashview.swift */,
				1F8673FF2B9DB36C00318335 /* OnBoardingView.swift */,
				1F12785D2B9E049C00052893 /* Sign-in.swift */,
				1F12785F2B9E0D3F00052893 /* Sign-up.swift */,
				1F1278702BA2458200052893 /* Home.swift */,
				1F1278742BA3C51C00052893 /* ProductView.swift */,
				1F1D7E3B2BA9D4C100B343EE /* CartView.swift */,
			);
			path = Views;
			sourceTree = "<group>";
		};
/* End PBXGroup section */

/* Begin PBXNativeTarget section */
		1F6911D62B9DAE5500660CAC /* ios-clothing-app */ = {
			isa = PBXNativeTarget;
			buildConfigurationList = 1F6911E52B9DAE5600660CAC /* Build configuration list for PBXNativeTarget "ios-clothing-app" */;
			buildPhases = (
				1F6911D32B9DAE5500660CAC /* Sources */,
				1F6911D42B9DAE5500660CAC /* Frameworks */,
				1F6911D52B9DAE5500660CAC /* Resources */,
			);
			buildRules = (
			);
			dependencies = (
			);
			name = "ios-clothing-app";
			productName = "ios-clothing-app";
			productReference = 1F6911D72B9DAE5500660CAC /* ios-clothing-app.app */;
			productType = "com.apple.product-type.application";
		};
/* End PBXNativeTarget section */

/* Begin PBXProject section */
		1F6911CF2B9DAE5500660CAC /* Project object */ = {
			isa = PBXProject;
			attributes = {
				BuildIndependentTargetsInParallel = 1;
				LastSwiftUpdateCheck = 1520;
				LastUpgradeCheck = 1520;
				TargetAttributes = {
					1F6911D62B9DAE5500660CAC = {
						CreatedOnToolsVersion = 15.2;
					};
				};
			};
			buildConfigurationList = 1F6911D22B9DAE5500660CAC /* Build configuration list for PBXProject "ios-clothing-app" */;
			compatibilityVersion = "Xcode 14.0";
			developmentRegion = en;
			hasScannedForEncodings = 0;
			knownRegions = (
				en,
				Base,
			);
			mainGroup = 1F6911CE2B9DAE5500660CAC;
			productRefGroup = 1F6911D82B9DAE5500660CAC /* Products */;
			projectDirPath = "";
			projectRoot = "";
			targets = (
				1F6911D62B9DAE5500660CAC /* ios-clothing-app */,
			);
		};
/* End PBXProject section */

/* Begin PBXResourcesBuildPhase section */
		1F6911D52B9DAE5500660CAC /* Resources */ = {
			isa = PBXResourcesBuildPhase;
			buildActionMask = 2147483647;
			files = (
				1F6911E22B9DAE5600660CAC /* Preview Assets.xcassets in Resources */,
				1F6911DF2B9DAE5600660CAC /* Assets.xcassets in Resources */,
			);
			runOnlyForDeploymentPostprocessing = 0;
		};
/* End PBXResourcesBuildPhase section */

/* Begin PBXSourcesBuildPhase section */
		1F6911D32B9DAE5500660CAC /* Sources */ = {
			isa = PBXSourcesBuildPhase;
			buildActionMask = 2147483647;
			files = (
				1F1D7E3C2BA9D4C100B343EE /* CartView.swift in Sources */,
				1F12786B2BA20F2D00052893 /* ProductModel.swift in Sources */,
				1F6911EA2B9DAFB100660CAC /* Splashview.swift in Sources */,
				1F1278732BA24DC200052893 /* ItemModel.swift in Sources */,
				1F1D7E402BA9DB9B00B343EE /* CartModel.swift in Sources */,
				1F1278662B9FD80500052893 /* UserViewModel.swift in Sources */,
				1F1D7E422BA9E05E00B343EE /* CartViewModel.swift in Sources */,
				1F1278752BA3C51C00052893 /* ProductView.swift in Sources */,
				1F1278632B9FD57300052893 /* UserModel.swift in Sources */,
				1F1278602B9E0D3F00052893 /* Sign-up.swift in Sources */,
				1F8674002B9DB36C00318335 /* OnBoardingView.swift in Sources */,
				1F12786D2BA213F700052893 /* ProductViewModel.swift in Sources */,
				1F6911DD2B9DAE5500660CAC /* ContentView.swift in Sources */,
				1F6911DB2B9DAE5500660CAC /* ios_clothing_appApp.swift in Sources */,
				1F12785E2B9E049C00052893 /* Sign-in.swift in Sources */,
				1F1278712BA2458200052893 /* Home.swift in Sources */,
				1F1278692B9FD9AF00052893 /* Constants.swift in Sources */,
			);
			runOnlyForDeploymentPostprocessing = 0;
		};
/* End PBXSourcesBuildPhase section */

/* Begin XCBuildConfiguration section */
		1F6911E32B9DAE5600660CAC /* Debug */ = {
			isa = XCBuildConfiguration;
			buildSettings = {
				ALWAYS_SEARCH_USER_PATHS = NO;
				ASSETCATALOG_COMPILER_GENERATE_SWIFT_ASSET_SYMBOL_EXTENSIONS = YES;
				CLANG_ANALYZER_NONNULL = YES;
				CLANG_ANALYZER_NUMBER_OBJECT_CONVERSION = YES_AGGRESSIVE;
				CLANG_CXX_LANGUAGE_STANDARD = "gnu++20";
				CLANG_ENABLE_MODULES = YES;
				CLANG_ENABLE_OBJC_ARC = YES;
				CLANG_ENABLE_OBJC_WEAK = YES;
				CLANG_WARN_BLOCK_CAPTURE_AUTORELEASING = YES;
				CLANG_WARN_BOOL_CONVERSION = YES;
				CLANG_WARN_COMMA = YES;
				CLANG_WARN_CONSTANT_CONVERSION = YES;
				CLANG_WARN_DEPRECATED_OBJC_IMPLEMENTATIONS = YES;
				CLANG_WARN_DIRECT_OBJC_ISA_USAGE = YES_ERROR;
				CLANG_WARN_DOCUMENTATION_COMMENTS = YES;
				CLANG_WARN_EMPTY_BODY = YES;
				CLANG_WARN_ENUM_CONVERSION = YES;
				CLANG_WARN_INFINITE_RECURSION = YES;
				CLANG_WARN_INT_CONVERSION = YES;
				CLANG_WARN_NON_LITERAL_NULL_CONVERSION = YES;
				CLANG_WARN_OBJC_IMPLICIT_RETAIN_SELF = YES;
				CLANG_WARN_OBJC_LITERAL_CONVERSION = YES;
				CLANG_WARN_OBJC_ROOT_CLASS = YES_ERROR;
				CLANG_WARN_QUOTED_INCLUDE_IN_FRAMEWORK_HEADER = YES;
				CLANG_WARN_RANGE_LOOP_ANALYSIS = YES;
				CLANG_WARN_STRICT_PROTOTYPES = YES;
				CLANG_WARN_SUSPICIOUS_MOVE = YES;
				CLANG_WARN_UNGUARDED_AVAILABILITY = YES_AGGRESSIVE;
				CLANG_WARN_UNREACHABLE_CODE = YES;
				CLANG_WARN__DUPLICATE_METHOD_MATCH = YES;
				COPY_PHASE_STRIP = NO;
				DEBUG_INFORMATION_FORMAT = dwarf;
				ENABLE_STRICT_OBJC_MSGSEND = YES;
				ENABLE_TESTABILITY = YES;
				ENABLE_USER_SCRIPT_SANDBOXING = YES;
				GCC_C_LANGUAGE_STANDARD = gnu17;
				GCC_DYNAMIC_NO_PIC = NO;
				GCC_NO_COMMON_BLOCKS = YES;
				GCC_OPTIMIZATION_LEVEL = 0;
				GCC_PREPROCESSOR_DEFINITIONS = (
					"DEBUG=1",
					"$(inherited)",
				);
				GCC_WARN_64_TO_32_BIT_CONVERSION = YES;
				GCC_WARN_ABOUT_RETURN_TYPE = YES_ERROR;
				GCC_WARN_UNDECLARED_SELECTOR = YES;
				GCC_WARN_UNINITIALIZED_AUTOS = YES_AGGRESSIVE;
				GCC_WARN_UNUSED_FUNCTION = YES;
				GCC_WARN_UNUSED_VARIABLE = YES;
				IPHONEOS_DEPLOYMENT_TARGET = 17.2;
				LOCALIZATION_PREFERS_STRING_CATALOGS = YES;
				MTL_ENABLE_DEBUG_INFO = INCLUDE_SOURCE;
				MTL_FAST_MATH = YES;
				ONLY_ACTIVE_ARCH = YES;
				SDKROOT = iphoneos;
				SWIFT_ACTIVE_COMPILATION_CONDITIONS = "DEBUG $(inherited)";
				SWIFT_OPTIMIZATION_LEVEL = "-Onone";
			};
			name = Debug;
		};
		1F6911E42B9DAE5600660CAC /* Release */ = {
			isa = XCBuildConfiguration;
			buildSettings = {
				ALWAYS_SEARCH_USER_PATHS = NO;
				ASSETCATALOG_COMPILER_GENERATE_SWIFT_ASSET_SYMBOL_EXTENSIONS = YES;
				CLANG_ANALYZER_NONNULL = YES;
				CLANG_ANALYZER_NUMBER_OBJECT_CONVERSION = YES_AGGRESSIVE;
				CLANG_CXX_LANGUAGE_STANDARD = "gnu++20";
				CLANG_ENABLE_MODULES = YES;
				CLANG_ENABLE_OBJC_ARC = YES;
				CLANG_ENABLE_OBJC_WEAK = YES;
				CLANG_WARN_BLOCK_CAPTURE_AUTORELEASING = YES;
				CLANG_WARN_BOOL_CONVERSION = YES;
				CLANG_WARN_COMMA = YES;
				CLANG_WARN_CONSTANT_CONVERSION = YES;
				CLANG_WARN_DEPRECATED_OBJC_IMPLEMENTATIONS = YES;
				CLANG_WARN_DIRECT_OBJC_ISA_USAGE = YES_ERROR;
				CLANG_WARN_DOCUMENTATION_COMMENTS = YES;
				CLANG_WARN_EMPTY_BODY = YES;
				CLANG_WARN_ENUM_CONVERSION = YES;
				CLANG_WARN_INFINITE_RECURSION = YES;
				CLANG_WARN_INT_CONVERSION = YES;
				CLANG_WARN_NON_LITERAL_NULL_CONVERSION = YES;
				CLANG_WARN_OBJC_IMPLICIT_RETAIN_SELF = YES;
				CLANG_WARN_OBJC_LITERAL_CONVERSION = YES;
				CLANG_WARN_OBJC_ROOT_CLASS = YES_ERROR;
				CLANG_WARN_QUOTED_INCLUDE_IN_FRAMEWORK_HEADER = YES;
				CLANG_WARN_RANGE_LOOP_ANALYSIS = YES;
				CLANG_WARN_STRICT_PROTOTYPES = YES;
				CLANG_WARN_SUSPICIOUS_MOVE = YES;
				CLANG_WARN_UNGUARDED_AVAILABILITY = YES_AGGRESSIVE;
				CLANG_WARN_UNREACHABLE_CODE = YES;
				CLANG_WARN__DUPLICATE_METHOD_MATCH = YES;
				COPY_PHASE_STRIP = NO;
				DEBUG_INFORMATION_FORMAT = "dwarf-with-dsym";
				ENABLE_NS_ASSERTIONS = NO;
				ENABLE_STRICT_OBJC_MSGSEND = YES;
				ENABLE_USER_SCRIPT_SANDBOXING = YES;
				GCC_C_LANGUAGE_STANDARD = gnu17;
				GCC_NO_COMMON_BLOCKS = YES;
				GCC_WARN_64_TO_32_BIT_CONVERSION = YES;
				GCC_WARN_ABOUT_RETURN_TYPE = YES_ERROR;
				GCC_WARN_UNDECLARED_SELECTOR = YES;
				GCC_WARN_UNINITIALIZED_AUTOS = YES_AGGRESSIVE;
				GCC_WARN_UNUSED_FUNCTION = YES;
				GCC_WARN_UNUSED_VARIABLE = YES;
				IPHONEOS_DEPLOYMENT_TARGET = 17.2;
				LOCALIZATION_PREFERS_STRING_CATALOGS = YES;
				MTL_ENABLE_DEBUG_INFO = NO;
				MTL_FAST_MATH = YES;
				SDKROOT = iphoneos;
				SWIFT_COMPILATION_MODE = wholemodule;
				VALIDATE_PRODUCT = YES;
			};
			name = Release;
		};
		1F6911E62B9DAE5600660CAC /* Debug */ = {
			isa = XCBuildConfiguration;
			buildSettings = {
				ASSETCATALOG_COMPILER_APPICON_NAME = AppIcon;
				ASSETCATALOG_COMPILER_GLOBAL_ACCENT_COLOR_NAME = AccentColor;
				CODE_SIGN_STYLE = Automatic;
				CURRENT_PROJECT_VERSION = 1;
				DEVELOPMENT_ASSET_PATHS = "\"ios-clothing-app/Preview Content\"";
				ENABLE_PREVIEWS = YES;
				GENERATE_INFOPLIST_FILE = YES;
				INFOPLIST_KEY_UIApplicationSceneManifest_Generation = YES;
				INFOPLIST_KEY_UIApplicationSupportsIndirectInputEvents = YES;
				INFOPLIST_KEY_UILaunchScreen_Generation = YES;
				INFOPLIST_KEY_UISupportedInterfaceOrientations_iPad = "UIInterfaceOrientationPortrait UIInterfaceOrientationPortraitUpsideDown UIInterfaceOrientationLandscapeLeft UIInterfaceOrientationLandscapeRight";
				INFOPLIST_KEY_UISupportedInterfaceOrientations_iPhone = "UIInterfaceOrientationPortrait UIInterfaceOrientationLandscapeLeft UIInterfaceOrientationLandscapeRight";
				LD_RUNPATH_SEARCH_PATHS = (
					"$(inherited)",
					"@executable_path/Frameworks",
				);
				MARKETING_VERSION = 1.0;
				PRODUCT_BUNDLE_IDENTIFIER = "io.iosAcademy.ios-clothing-app";
				PRODUCT_NAME = "$(TARGET_NAME)";
				SWIFT_EMIT_LOC_STRINGS = YES;
				SWIFT_VERSION = 5.0;
				TARGETED_DEVICE_FAMILY = "1,2";
			};
			name = Debug;
		};
		1F6911E72B9DAE5600660CAC /* Release */ = {
			isa = XCBuildConfiguration;
			buildSettings = {
				ASSETCATALOG_COMPILER_APPICON_NAME = AppIcon;
				ASSETCATALOG_COMPILER_GLOBAL_ACCENT_COLOR_NAME = AccentColor;
				CODE_SIGN_STYLE = Automatic;
				CURRENT_PROJECT_VERSION = 1;
				DEVELOPMENT_ASSET_PATHS = "\"ios-clothing-app/Preview Content\"";
				ENABLE_PREVIEWS = YES;
				GENERATE_INFOPLIST_FILE = YES;
				INFOPLIST_KEY_UIApplicationSceneManifest_Generation = YES;
				INFOPLIST_KEY_UIApplicationSupportsIndirectInputEvents = YES;
				INFOPLIST_KEY_UILaunchScreen_Generation = YES;
				INFOPLIST_KEY_UISupportedInterfaceOrientations_iPad = "UIInterfaceOrientationPortrait UIInterfaceOrientationPortraitUpsideDown UIInterfaceOrientationLandscapeLeft UIInterfaceOrientationLandscapeRight";
				INFOPLIST_KEY_UISupportedInterfaceOrientations_iPhone = "UIInterfaceOrientationPortrait UIInterfaceOrientationLandscapeLeft UIInterfaceOrientationLandscapeRight";
				LD_RUNPATH_SEARCH_PATHS = (
					"$(inherited)",
					"@executable_path/Frameworks",
				);
				MARKETING_VERSION = 1.0;
				PRODUCT_BUNDLE_IDENTIFIER = "io.iosAcademy.ios-clothing-app";
				PRODUCT_NAME = "$(TARGET_NAME)";
				SWIFT_EMIT_LOC_STRINGS = YES;
				SWIFT_VERSION = 5.0;
				TARGETED_DEVICE_FAMILY = "1,2";
			};
			name = Release;
		};
/* End XCBuildConfiguration section */

/* Begin XCConfigurationList section */
		1F6911D22B9DAE5500660CAC /* Build configuration list for PBXProject "ios-clothing-app" */ = {
			isa = XCConfigurationList;
			buildConfigurations = (
				1F6911E32B9DAE5600660CAC /* Debug */,
				1F6911E42B9DAE5600660CAC /* Release */,
			);
			defaultConfigurationIsVisible = 0;
			defaultConfigurationName = Release;
		};
		1F6911E52B9DAE5600660CAC /* Build configuration list for PBXNativeTarget "ios-clothing-app" */ = {
			isa = XCConfigurationList;
			buildConfigurations = (
				1F6911E62B9DAE5600660CAC /* Debug */,
				1F6911E72B9DAE5600660CAC /* Release */,
			);
			defaultConfigurationIsVisible = 0;
			defaultConfigurationName = Release;
		};
/* End XCConfigurationList section */
	};
	rootObject = 1F6911CF2B9DAE5500660CAC /* Project object */;
}
